
Microsoft Visual Studio Solution File, Format Version 12.00
# Visual Studio Version 17
VisualStudioVersion = 17.12.35514.174
MinimumVisualStudioVersion = 10.0.40219.1
Project("{FAE04EC0-301F-11D3-BF4B-00C04F79EFBC}") = "CRM.Domain", "CRM.Domain\CRM.Domain.csproj", "{6D450607-3AF3-4C1E-B167-61D62FFB6737}"
EndProject
Project("{FAE04EC0-301F-11D3-BF4B-00C04F79EFBC}") = "CRM.Infrastructure", "CRM.Infrastructure\CRM.Infrastructure.csproj", "{16280134-75AD-49F8-8B23-6CF5C12A6310}"
	ProjectSection(ProjectDependencies) = postProject
		{6D450607-3AF3-4C1E-B167-61D62FFB6737} = {6D450607-3AF3-4C1E-B167-61D62FFB6737}
	EndProjectSection
EndProject
Project("{FAE04EC0-301F-11D3-BF4B-00C04F79EFBC}") = "CRM.Application", "CRM.Application\CRM.Application.csproj", "{E7F3D725-0340-4DFE-8870-DDE27BDFB973}"
	ProjectSection(ProjectDependencies) = postProject
		{6D450607-3AF3-4C1E-B167-61D62FFB6737} = {6D450607-3AF3-4C1E-B167-61D62FFB6737}
	EndProjectSection
EndProject
Project("{FAE04EC0-301F-11D3-BF4B-00C04F79EFBC}") = "CRM.Blazor", "CRM.Blazor\CRM.Blazor.csproj", "{B1677CDF-7197-4749-A5A2-3995A9F84721}"
	ProjectSection(ProjectDependencies) = postProject
		{16280134-75AD-49F8-8B23-6CF5C12A6310} = {16280134-75AD-49F8-8B23-6CF5C12A6310}
		{6D450607-3AF3-4C1E-B167-61D62FFB6737} = {6D450607-3AF3-4C1E-B167-61D62FFB6737}
		{E7F3D725-0340-4DFE-8870-DDE27BDFB973} = {E7F3D725-0340-4DFE-8870-DDE27BDFB973}
	EndProjectSection
EndProject
Project("{FAE04EC0-301F-11D3-BF4B-00C04F79EFBC}") = "CRM.Test", "CRM.Test\CRM.Test.csproj", "{B5972E84-01C0-4090-B085-E9DD48C2A1F7}"
EndProject
Global
	GlobalSection(SolutionConfigurationPlatforms) = preSolution
		Debug|Any CPU = Debug|Any CPU
		Release|Any CPU = Release|Any CPU
	EndGlobalSection
	GlobalSection(ProjectConfigurationPlatforms) = postSolution
		{6D450607-3AF3-4C1E-B167-61D62FFB6737}.Debug|Any CPU.ActiveCfg = Debug|Any CPU
		{6D450607-3AF3-4C1E-B167-61D62FFB6737}.Debug|Any CPU.Build.0 = Debug|Any CPU
		{6D450607-3AF3-4C1E-B167-61D62FFB6737}.Release|Any CPU.ActiveCfg = Release|Any CPU
		{6D450607-3AF3-4C1E-B167-61D62FFB6737}.Release|Any CPU.Build.0 = Release|Any CPU
		{16280134-75AD-49F8-8B23-6CF5C12A6310}.Debug|Any CPU.ActiveCfg = Debug|Any CPU
		{16280134-75AD-49F8-8B23-6CF5C12A6310}.Debug|Any CPU.Build.0 = Debug|Any CPU
		{16280134-75AD-49F8-8B23-6CF5C12A6310}.Release|Any CPU.ActiveCfg = Release|Any CPU
		{16280134-75AD-49F8-8B23-6CF5C12A6310}.Release|Any CPU.Build.0 = Release|Any CPU
		{E7F3D725-0340-4DFE-8870-DDE27BDFB973}.Debug|Any CPU.ActiveCfg = Debug|Any CPU
		{E7F3D725-0340-4DFE-8870-DDE27BDFB973}.Debug|Any CPU.Build.0 = Debug|Any CPU
		{E7F3D725-0340-4DFE-8870-DDE27BDFB973}.Release|Any CPU.ActiveCfg = Release|Any CPU
		{E7F3D725-0340-4DFE-8870-DDE27BDFB973}.Release|Any CPU.Build.0 = Release|Any CPU
		{B1677CDF-7197-4749-A5A2-3995A9F84721}.Debug|Any CPU.ActiveCfg = Debug|Any CPU
		{B1677CDF-7197-4749-A5A2-3995A9F84721}.Debug|Any CPU.Build.0 = Debug|Any CPU
		{B1677CDF-7197-4749-A5A2-3995A9F84721}.Release|Any CPU.ActiveCfg = Release|Any CPU
		{B1677CDF-7197-4749-A5A2-3995A9F84721}.Release|Any CPU.Build.0 = Release|Any CPU
		{B5972E84-01C0-4090-B085-E9DD48C2A1F7}.Debug|Any CPU.ActiveCfg = Debug|Any CPU
		{B5972E84-01C0-4090-B085-E9DD48C2A1F7}.Debug|Any CPU.Build.0 = Debug|Any CPU
		{B5972E84-01C0-4090-B085-E9DD48C2A1F7}.Release|Any CPU.ActiveCfg = Release|Any CPU
		{B5972E84-01C0-4090-B085-E9DD48C2A1F7}.Release|Any CPU.Build.0 = Release|Any CPU
	EndGlobalSection
	GlobalSection(SolutionProperties) = preSolution
		HideSolutionNode = FALSE
	EndGlobalSection
EndGlobal
